
Microsoft Visual Studio Solution File, Format Version 12.00
# Visual Studio 15
VisualStudioVersion = 15.0.28010.2036
MinimumVisualStudioVersion = 10.0.40219.1
Project("{FAE04EC0-301F-11D3-BF4B-00C04F79EFBC}") = "Client", "Client\Client.csproj", "{359AA6A9-86BE-4709-9C72-A42473E03ADF}"
EndProject
Global
	GlobalSection(SolutionConfigurationPlatforms) = preSolution
		Debug|Any CPU = Debug|Any CPU
		Release|Any CPU = Release|Any CPU
	EndGlobalSection
	GlobalSection(ProjectConfigurationPlatforms) = postSolution
		{359AA6A9-86BE-4709-9C72-A42473E03ADF}.Debug|Any CPU.ActiveCfg = Debug|Any CPU
		{359AA6A9-86BE-4709-9C72-A42473E03ADF}.Debug|Any CPU.Build.0 = Debug|Any CPU
		{359AA6A9-86BE-4709-9C72-A42473E03ADF}.Release|Any CPU.ActiveCfg = Release|Any CPU
		{359AA6A9-86BE-4709-9C72-A42473E03ADF}.Release|Any CPU.Build.0 = Release|Any CPU
	EndGlobalSection
	GlobalSection(SolutionProperties) = preSolution
		HideSolutionNode = FALSE
	EndGlobalSection
	GlobalSection(ExtensibilityGlobals) = postSolution
		SolutionGuid = {C92F1739-FF12-40D0-B130-BD59E1DB2043}
	EndGlobalSection
EndGlobal
