
Microsoft Visual Studio Solution File, Format Version 12.00
# Visual Studio 15
VisualStudioVersion = 15.0.28010.2036
MinimumVisualStudioVersion = 10.0.40219.1
Project("{FAE04EC0-301F-11D3-BF4B-00C04F79EFBC}") = "DirectoryServer", "DirectoryServer\DirectoryServer.csproj", "{1A1DE572-02B0-4083-8DF9-F535DB1A9AE0}"
EndProject
Global
	GlobalSection(SolutionConfigurationPlatforms) = preSolution
		Debug|Any CPU = Debug|Any CPU
		Release|Any CPU = Release|Any CPU
	EndGlobalSection
	GlobalSection(ProjectConfigurationPlatforms) = postSolution
		{1A1DE572-02B0-4083-8DF9-F535DB1A9AE0}.Debug|Any CPU.ActiveCfg = Debug|Any CPU
		{1A1DE572-02B0-4083-8DF9-F535DB1A9AE0}.Debug|Any CPU.Build.0 = Debug|Any CPU
		{1A1DE572-02B0-4083-8DF9-F535DB1A9AE0}.Release|Any CPU.ActiveCfg = Release|Any CPU
		{1A1DE572-02B0-4083-8DF9-F535DB1A9AE0}.Release|Any CPU.Build.0 = Release|Any CPU
	EndGlobalSection
	GlobalSection(SolutionProperties) = preSolution
		HideSolutionNode = FALSE
	EndGlobalSection
	GlobalSection(ExtensibilityGlobals) = postSolution
		SolutionGuid = {6A132316-B50E-49EB-BAA2-ED7945FB058F}
	EndGlobalSection
EndGlobal
